
Microsoft Visual Studio Solution File, Format Version 12.00
# Visual Studio 15
VisualStudioVersion = 15.0.28307.852
MinimumVisualStudioVersion = 10.0.40219.1
Project("{FAE04EC0-301F-11D3-BF4B-00C04F79EFBC}") = "Projeto_WebMotors", "Projeto_WebMotors\Projeto_WebMotors.csproj", "{C37586B9-3C64-4FCD-B184-EED1FE7C822C}"
EndProject
Global
	GlobalSection(SolutionConfigurationPlatforms) = preSolution
		Debug|Any CPU = Debug|Any CPU
		Release|Any CPU = Release|Any CPU
	EndGlobalSection
	GlobalSection(ProjectConfigurationPlatforms) = postSolution
		{C37586B9-3C64-4FCD-B184-EED1FE7C822C}.Debug|Any CPU.ActiveCfg = Debug|Any CPU
		{C37586B9-3C64-4FCD-B184-EED1FE7C822C}.Debug|Any CPU.Build.0 = Debug|Any CPU
		{C37586B9-3C64-4FCD-B184-EED1FE7C822C}.Release|Any CPU.ActiveCfg = Release|Any CPU
		{C37586B9-3C64-4FCD-B184-EED1FE7C822C}.Release|Any CPU.Build.0 = Release|Any CPU
	EndGlobalSection
	GlobalSection(SolutionProperties) = preSolution
		HideSolutionNode = FALSE
	EndGlobalSection
	GlobalSection(ExtensibilityGlobals) = postSolution
		SolutionGuid = {78BAB2CD-7703-43AD-9087-4E252D7FC76F}
	EndGlobalSection
EndGlobal
